
Microsoft Visual Studio Solution File, Format Version 12.00
# Visual Studio Version 16
VisualStudioVersion = 16.0.28803.156
MinimumVisualStudioVersion = 10.0.40219.1
Project("{FAE04EC0-301F-11D3-BF4B-00C04F79EFBC}") = "TGLF", "TGLF\TGLF.csproj", "{DCA87A91-BE0F-4C64-A3E1-5349F3531388}"
EndProject
Global
	GlobalSection(SolutionConfigurationPlatforms) = preSolution
		Debug|Any CPU = Debug|Any CPU
		Release|Any CPU = Release|Any CPU
	EndGlobalSection
	GlobalSection(ProjectConfigurationPlatforms) = postSolution
		{DCA87A91-BE0F-4C64-A3E1-5349F3531388}.Debug|Any CPU.ActiveCfg = Debug|Any CPU
		{DCA87A91-BE0F-4C64-A3E1-5349F3531388}.Debug|Any CPU.Build.0 = Debug|Any CPU
		{DCA87A91-BE0F-4C64-A3E1-5349F3531388}.Release|Any CPU.ActiveCfg = Release|Any CPU
		{DCA87A91-BE0F-4C64-A3E1-5349F3531388}.Release|Any CPU.Build.0 = Release|Any CPU
	EndGlobalSection
	GlobalSection(SolutionProperties) = preSolution
		HideSolutionNode = FALSE
	EndGlobalSection
	GlobalSection(ExtensibilityGlobals) = postSolution
		SolutionGuid = {D4D92E7A-87BC-402C-8515-C96D48BA4953}
	EndGlobalSection
EndGlobal
